{
  "version": 4,
  "terraform_version": "1.1.9",
  "serial": 11,
  "lineage": "744b7063-44e7-91c1-5956-dff8d6099a91",
  "outputs": {},
  "resources": [
    {
      "mode": "managed",
      "type": "google_spanner_database",
      "name": "dbspanner",
      "provider": "provider[\"registry.terraform.io/hashicorp/google\"]",
      "instances": [
        {
          "schema_version": 0,
          "attributes": {
            "database_dialect": "GOOGLE_STANDARD_SQL",
            "ddl": null,
            "deletion_protection": false,
            "encryption_config": [],
            "id": "instancespanner/dbspanner",
            "instance": "instancespanner",
            "name": "dbspanner",
            "project": "pork-merchant",
            "state": "READY",
            "timeouts": null
          },
          "sensitive_attributes": [],
          "private": "eyJlMmJmYjczMC1lY2FhLTExZTYtOGY4OC0zNDM2M2JjN2M0YzAiOnsiY3JlYXRlIjoxMjAwMDAwMDAwMDAwLCJkZWxldGUiOjEyMDAwMDAwMDAwMDAsInVwZGF0ZSI6MTIwMDAwMDAwMDAwMH19",
          "dependencies": [
            "google_spanner_instance.instancespanner"
          ]
        }
      ]
    },
    {
      "mode": "managed",
      "type": "google_spanner_instance",
      "name": "instancespanner",
      "provider": "provider[\"registry.terraform.io/hashicorp/google\"]",
      "instances": [
        {
          "schema_version": 0,
          "attributes": {
            "config": "projects/pork-merchant/instanceConfigs/regional-europe-west1",
            "display_name": "instancespanner",
            "force_destroy": false,
            "id": "pork-merchant/instancespanner",
            "labels": {
              "env": "learning"
            },
            "name": "instancespanner",
            "num_nodes": 0,
            "processing_units": 200,
            "project": "pork-merchant",
            "state": "READY",
            "timeouts": null
          },
          "sensitive_attributes": [],
          "private": "eyJlMmJmYjczMC1lY2FhLTExZTYtOGY4OC0zNDM2M2JjN2M0YzAiOnsiY3JlYXRlIjoxMjAwMDAwMDAwMDAwLCJkZWxldGUiOjEyMDAwMDAwMDAwMDAsInVwZGF0ZSI6MTIwMDAwMDAwMDAwMH19"
        }
      ]
    }
  ]
}
